
Microsoft Visual Studio Solution File, Format Version 10.00
# Visual C# Express 2008
Project("{FAE04EC0-301F-11D3-BF4B-00C04F79EFBC}") = "TestPrintscreenFromCOM", "TestPrintscreenFromCOM\TestPrintscreenFromCOM.csproj", "{36485130-8C2D-4366-9228-86570C7B76E7}"
EndProject
Global
	GlobalSection(SolutionConfigurationPlatforms) = preSolution
		Debug|Any CPU = Debug|Any CPU
		Release|Any CPU = Release|Any CPU
	EndGlobalSection
	GlobalSection(ProjectConfigurationPlatforms) = postSolution
		{36485130-8C2D-4366-9228-86570C7B76E7}.Debug|Any CPU.ActiveCfg = Debug|Any CPU
		{36485130-8C2D-4366-9228-86570C7B76E7}.Debug|Any CPU.Build.0 = Debug|Any CPU
		{36485130-8C2D-4366-9228-86570C7B76E7}.Release|Any CPU.ActiveCfg = Release|Any CPU
		{36485130-8C2D-4366-9228-86570C7B76E7}.Release|Any CPU.Build.0 = Release|Any CPU
	EndGlobalSection
	GlobalSection(SolutionProperties) = preSolution
		HideSolutionNode = FALSE
	EndGlobalSection
EndGlobal
